<Solution>
  <Folder Name="/Solution Items/">
    <File Path="DeadMoneyDbSync.bat" />
  </Folder>
  <Project Path="DeadMoney.Core/DeadMoney.Core.csproj" />
  <Project Path="DeadMoney.Data/DeadMoney.Data.csproj" />
  <Project Path="DeadMoney.Service/DeadMoney.Service.csproj" />
  <Project Path="DeadMoney.Web/DeadMoney.Web.csproj" />
  <Project Path="DeadMoney.Tests/DeadMoney.Tests.csproj" />
</Solution>
